
Microsoft Visual Studio Solution File, Format Version 12.00
# Visual Studio 2015
Project("{FAE04EC0-301F-11D3-BF4B-00C04F79EFBC}") = "Loopband.Plugins", "Loopband.Plugins.csproj", "{728DEADD-32E8-F27A-0906-DFE9E3A84A50}"
EndProject
Project("{FAE04EC0-301F-11D3-BF4B-00C04F79EFBC}") = "Loopband", "Loopband.csproj", "{08456F83-EE9D-59F0-B815-B291052D1264}"
EndProject
Project("{FAE04EC0-301F-11D3-BF4B-00C04F79EFBC}") = "Loopband.Editor", "Loopband.Editor.csproj", "{26FA82EE-3853-0669-4E3D-86E4C5BDA844}"
EndProject
Global
	GlobalSection(SolutionConfigurationPlatforms) = preSolution
		Debug|Any CPU = Debug|Any CPU
		Release|Any CPU = Release|Any CPU
	EndGlobalSection
	GlobalSection(ProjectConfigurationPlatforms) = postSolution
		{728DEADD-32E8-F27A-0906-DFE9E3A84A50}.Debug|Any CPU.ActiveCfg = Debug|Any CPU
		{728DEADD-32E8-F27A-0906-DFE9E3A84A50}.Debug|Any CPU.Build.0 = Debug|Any CPU
		{728DEADD-32E8-F27A-0906-DFE9E3A84A50}.Release|Any CPU.ActiveCfg = Release|Any CPU
		{728DEADD-32E8-F27A-0906-DFE9E3A84A50}.Release|Any CPU.Build.0 = Release|Any CPU
		{08456F83-EE9D-59F0-B815-B291052D1264}.Debug|Any CPU.ActiveCfg = Debug|Any CPU
		{08456F83-EE9D-59F0-B815-B291052D1264}.Debug|Any CPU.Build.0 = Debug|Any CPU
		{08456F83-EE9D-59F0-B815-B291052D1264}.Release|Any CPU.ActiveCfg = Release|Any CPU
		{08456F83-EE9D-59F0-B815-B291052D1264}.Release|Any CPU.Build.0 = Release|Any CPU
		{26FA82EE-3853-0669-4E3D-86E4C5BDA844}.Debug|Any CPU.ActiveCfg = Debug|Any CPU
		{26FA82EE-3853-0669-4E3D-86E4C5BDA844}.Debug|Any CPU.Build.0 = Debug|Any CPU
		{26FA82EE-3853-0669-4E3D-86E4C5BDA844}.Release|Any CPU.ActiveCfg = Release|Any CPU
		{26FA82EE-3853-0669-4E3D-86E4C5BDA844}.Release|Any CPU.Build.0 = Release|Any CPU
	EndGlobalSection
	GlobalSection(SolutionProperties) = preSolution
		HideSolutionNode = FALSE
	EndGlobalSection
EndGlobal
