
Microsoft Visual Studio Solution File, Format Version 12.00
# Visual Studio 2015
Project("{FAE04EC0-301F-11D3-BF4B-00C04F79EFBC}") = "Loopband.CSharp", "Loopband.CSharp.csproj", "{25AC0A36-08C7-1D41-746E-E1695467928F}"
EndProject
Global
	GlobalSection(SolutionConfigurationPlatforms) = preSolution
		Debug|Any CPU = Debug|Any CPU
		Release|Any CPU = Release|Any CPU
	EndGlobalSection
	GlobalSection(ProjectConfigurationPlatforms) = postSolution
		{25AC0A36-08C7-1D41-746E-E1695467928F}.Debug|Any CPU.ActiveCfg = Debug|Any CPU
		{25AC0A36-08C7-1D41-746E-E1695467928F}.Debug|Any CPU.Build.0 = Debug|Any CPU
		{25AC0A36-08C7-1D41-746E-E1695467928F}.Release|Any CPU.ActiveCfg = Release|Any CPU
		{25AC0A36-08C7-1D41-746E-E1695467928F}.Release|Any CPU.Build.0 = Release|Any CPU
	EndGlobalSection
	GlobalSection(SolutionProperties) = preSolution
		HideSolutionNode = FALSE
	EndGlobalSection
EndGlobal
